
Microsoft Visual Studio Solution File, Format Version 12.00
# Visual Studio Version 16
VisualStudioVersion = 16.0.31321.278
MinimumVisualStudioVersion = 10.0.40219.1
Project("{FAE04EC0-301F-11D3-BF4B-00C04F79EFBC}") = "PyroElectricsFEM", "PyroElectricsFEM.csproj", "{1591F5F2-12CC-4E06-8569-C86C63951A24}"
EndProject
Global
	GlobalSection(SolutionConfigurationPlatforms) = preSolution
		Debug|Any CPU = Debug|Any CPU
		Release|Any CPU = Release|Any CPU
	EndGlobalSection
	GlobalSection(ProjectConfigurationPlatforms) = postSolution
		{1591F5F2-12CC-4E06-8569-C86C63951A24}.Debug|Any CPU.ActiveCfg = Debug|Any CPU
		{1591F5F2-12CC-4E06-8569-C86C63951A24}.Debug|Any CPU.Build.0 = Debug|Any CPU
		{1591F5F2-12CC-4E06-8569-C86C63951A24}.Release|Any CPU.ActiveCfg = Release|Any CPU
		{1591F5F2-12CC-4E06-8569-C86C63951A24}.Release|Any CPU.Build.0 = Release|Any CPU
	EndGlobalSection
	GlobalSection(SolutionProperties) = preSolution
		HideSolutionNode = FALSE
	EndGlobalSection
	GlobalSection(ExtensibilityGlobals) = postSolution
		SolutionGuid = {A327BD96-01B5-4CDA-B6A7-40D64D6EE6AD}
	EndGlobalSection
EndGlobal
